
Microsoft Visual Studio Solution File, Format Version 12.00
# Visual Studio Version 17
VisualStudioVersion = 17.4.33213.308
MinimumVisualStudioVersion = 10.0.40219.1
Project("{FAE04EC0-301F-11D3-BF4B-00C04F79EFBC}") = "NbaSquad", "NbaSquad\NbaSquad.csproj", "{C7335A80-6307-4C28-BDE1-17E805160CA2}"
EndProject
Global
	GlobalSection(SolutionConfigurationPlatforms) = preSolution
		Debug|Any CPU = Debug|Any CPU
		Release|Any CPU = Release|Any CPU
	EndGlobalSection
	GlobalSection(ProjectConfigurationPlatforms) = postSolution
		{C7335A80-6307-4C28-BDE1-17E805160CA2}.Debug|Any CPU.ActiveCfg = Debug|Any CPU
		{C7335A80-6307-4C28-BDE1-17E805160CA2}.Debug|Any CPU.Build.0 = Debug|Any CPU
		{C7335A80-6307-4C28-BDE1-17E805160CA2}.Release|Any CPU.ActiveCfg = Release|Any CPU
		{C7335A80-6307-4C28-BDE1-17E805160CA2}.Release|Any CPU.Build.0 = Release|Any CPU
	EndGlobalSection
	GlobalSection(SolutionProperties) = preSolution
		HideSolutionNode = FALSE
	EndGlobalSection
	GlobalSection(ExtensibilityGlobals) = postSolution
		SolutionGuid = {4D6F44E6-860D-4114-A44D-9AD3ACD29F5B}
	EndGlobalSection
EndGlobal
